// !$*UTF8*$!
{
	archiveVersion = 1;
	classes = {
	};
	objectVersion = 50;
	objects = {

/* Begin PBXBuildFile section */
		98302E6F2171ECEF0008A6AF /* AppDelegate.swift in Sources */ = {isa = PBXBuildFile; fileRef = 98302E6E2171ECEF0008A6AF /* AppDelegate.swift */; };
		98302E712171ECEF0008A6AF /* CameraVC.swift in Sources */ = {isa = PBXBuildFile; fileRef = 98302E702171ECEF0008A6AF /* CameraVC.swift */; };
		98302E742171ECEF0008A6AF /* Main.storyboard in Resources */ = {isa = PBXBuildFile; fileRef = 98302E722171ECEF0008A6AF /* Main.storyboard */; };
		98302E762171ECF20008A6AF /* Assets.xcassets in Resources */ = {isa = PBXBuildFile; fileRef = 98302E752171ECF20008A6AF /* Assets.xcassets */; };
		98302E792171ECF20008A6AF /* LaunchScreen.storyboard in Resources */ = {isa = PBXBuildFile; fileRef = 98302E772171ECF20008A6AF /* LaunchScreen.storyboard */; };
		98302E852171F5CF0008A6AF /* RoundedView.swift in Sources */ = {isa = PBXBuildFile; fileRef = 98302E842171F5CF0008A6AF /* RoundedView.swift */; };
		98302E872171F8040008A6AF /* RoundedImageView.swift in Sources */ = {isa = PBXBuildFile; fileRef = 98302E862171F8040008A6AF /* RoundedImageView.swift */; };
		98302E8D2172B5180008A6AF /* MelanomaModelUpdated.mlmodel in Sources */ = {isa = PBXBuildFile; fileRef = 98302E8C2172B5180008A6AF /* MelanomaModelUpdated.mlmodel */; };
		98302E93217349B40008A6AF /* InfoVC.swift in Sources */ = {isa = PBXBuildFile; fileRef = 98302E92217349B40008A6AF /* InfoVC.swift */; };
		98302E9521734C2C0008A6AF /* RoundedButtonView.swift in Sources */ = {isa = PBXBuildFile; fileRef = 98302E9421734C2C0008A6AF /* RoundedButtonView.swift */; };
/* End PBXBuildFile section */

/* Begin PBXFileReference section */
		98302E6B2171ECEF0008A6AF /* VisionApp.app */ = {isa = PBXFileReference; explicitFileType = wrapper.application; includeInIndex = 0; path = VisionApp.app; sourceTree = BUILT_PRODUCTS_DIR; };
		98302E6E2171ECEF0008A6AF /* AppDelegate.swift */ = {isa = PBXFileReference; lastKnownFileType = sourcecode.swift; path = AppDelegate.swift; sourceTree = "<group>"; };
		98302E702171ECEF0008A6AF /* CameraVC.swift */ = {isa = PBXFileReference; lastKnownFileType = sourcecode.swift; path = CameraVC.swift; sourceTree = "<group>"; };
		98302E732171ECEF0008A6AF /* Base */ = {isa = PBXFileReference; lastKnownFileType = file.storyboard; name = Base; path = Base.lproj/Main.storyboard; sourceTree = "<group>"; };
		98302E752171ECF20008A6AF /* Assets.xcassets */ = {isa = PBXFileReference; lastKnownFileType = folder.assetcatalog; path = Assets.xcassets; sourceTree = "<group>"; };
		98302E782171ECF20008A6AF /* Base */ = {isa = PBXFileReference; lastKnownFileType = file.storyboard; name = Base; path = Base.lproj/LaunchScreen.storyboard; sourceTree = "<group>"; };
		98302E7A2171ECF20008A6AF /* Info.plist */ = {isa = PBXFileReference; lastKnownFileType = text.plist.xml; path = Info.plist; sourceTree = "<group>"; };
		98302E842171F5CF0008A6AF /* RoundedView.swift */ = {isa = PBXFileReference; lastKnownFileType = sourcecode.swift; path = RoundedView.swift; sourceTree = "<group>"; };
		98302E862171F8040008A6AF /* RoundedImageView.swift */ = {isa = PBXFileReference; lastKnownFileType = sourcecode.swift; path = RoundedImageView.swift; sourceTree = "<group>"; };
		98302E8C2172B5180008A6AF /* MelanomaModelUpdated.mlmodel */ = {isa = PBXFileReference; lastKnownFileType = file.mlmodel; path = MelanomaModelUpdated.mlmodel; sourceTree = "<group>"; };
		98302E92217349B40008A6AF /* InfoVC.swift */ = {isa = PBXFileReference; lastKnownFileType = sourcecode.swift; path = InfoVC.swift; sourceTree = "<group>"; };
		98302E9421734C2C0008A6AF /* RoundedButtonView.swift */ = {isa = PBXFileReference; lastKnownFileType = sourcecode.swift; path = RoundedButtonView.swift; sourceTree = "<group>"; };
/* End PBXFileReference section */

/* Begin PBXFrameworksBuildPhase section */
		98302E682171ECEF0008A6AF /* Frameworks */ = {
			isa = PBXFrameworksBuildPhase;
			buildActionMask = 2147483647;
			files = (
			);
			runOnlyForDeploymentPostprocessing = 0;
		};
/* End PBXFrameworksBuildPhase section */

/* Begin PBXGroup section */
		98302E622171ECEF0008A6AF = {
			isa = PBXGroup;
			children = (
				98302E6D2171ECEF0008A6AF /* VisionApp */,
				98302E6C2171ECEF0008A6AF /* Products */,
			);
			sourceTree = "<group>";
		};
		98302E6C2171ECEF0008A6AF /* Products */ = {
			isa = PBXGroup;
			children = (
				98302E6B2171ECEF0008A6AF /* VisionApp.app */,
			);
			name = Products;
			sourceTree = "<group>";
		};
		98302E6D2171ECEF0008A6AF /* VisionApp */ = {
			isa = PBXGroup;
			children = (
				98302E832171EED80008A6AF /* Resources */,
				98302E822171EED40008A6AF /* Model */,
				98302E812171EECF0008A6AF /* View */,
				98302E802171EEC70008A6AF /* Controller */,
				98302E6E2171ECEF0008A6AF /* AppDelegate.swift */,
				98302E722171ECEF0008A6AF /* Main.storyboard */,
				98302E752171ECF20008A6AF /* Assets.xcassets */,
				98302E772171ECF20008A6AF /* LaunchScreen.storyboard */,
				98302E7A2171ECF20008A6AF /* Info.plist */,
			);
			path = VisionApp;
			sourceTree = "<group>";
		};
		98302E802171EEC70008A6AF /* Controller */ = {
			isa = PBXGroup;
			children = (
				98302E702171ECEF0008A6AF /* CameraVC.swift */,
				98302E92217349B40008A6AF /* InfoVC.swift */,
			);
			path = Controller;
			sourceTree = "<group>";
		};
		98302E812171EECF0008A6AF /* View */ = {
			isa = PBXGroup;
			children = (
				98302E842171F5CF0008A6AF /* RoundedView.swift */,
				98302E862171F8040008A6AF /* RoundedImageView.swift */,
				98302E9421734C2C0008A6AF /* RoundedButtonView.swift */,
			);
			path = View;
			sourceTree = "<group>";
		};
		98302E822171EED40008A6AF /* Model */ = {
			isa = PBXGroup;
			children = (
			);
			path = Model;
			sourceTree = "<group>";
		};
		98302E832171EED80008A6AF /* Resources */ = {
			isa = PBXGroup;
			children = (
				98302E8C2172B5180008A6AF /* MelanomaModelUpdated.mlmodel */,
			);
			path = Resources;
			sourceTree = "<group>";
		};
/* End PBXGroup section */

/* Begin PBXNativeTarget section */
		98302E6A2171ECEF0008A6AF /* VisionApp */ = {
			isa = PBXNativeTarget;
			buildConfigurationList = 98302E7D2171ECF20008A6AF /* Build configuration list for PBXNativeTarget "VisionApp" */;
			buildPhases = (
				98302E672171ECEF0008A6AF /* Sources */,
				98302E682171ECEF0008A6AF /* Frameworks */,
				98302E692171ECEF0008A6AF /* Resources */,
			);
			buildRules = (
			);
			dependencies = (
			);
			name = VisionApp;
			productName = VisionApp;
			productReference = 98302E6B2171ECEF0008A6AF /* VisionApp.app */;
			productType = "com.apple.product-type.application";
		};
/* End PBXNativeTarget section */

/* Begin PBXProject section */
		98302E632171ECEF0008A6AF /* Project object */ = {
			isa = PBXProject;
			attributes = {
				LastSwiftUpdateCheck = 1000;
				LastUpgradeCheck = 1000;
				ORGANIZATIONNAME = "Sebastian Crossa";
				TargetAttributes = {
					98302E6A2171ECEF0008A6AF = {
						CreatedOnToolsVersion = 10.0;
					};
				};
			};
			buildConfigurationList = 98302E662171ECEF0008A6AF /* Build configuration list for PBXProject "VisionApp" */;
			compatibilityVersion = "Xcode 9.3";
			developmentRegion = en;
			hasScannedForEncodings = 0;
			knownRegions = (
				en,
				Base,
			);
			mainGroup = 98302E622171ECEF0008A6AF;
			productRefGroup = 98302E6C2171ECEF0008A6AF /* Products */;
			projectDirPath = "";
			projectRoot = "";
			targets = (
				98302E6A2171ECEF0008A6AF /* VisionApp */,
			);
		};
/* End PBXProject section */

/* Begin PBXResourcesBuildPhase section */
		98302E692171ECEF0008A6AF /* Resources */ = {
			isa = PBXResourcesBuildPhase;
			buildActionMask = 2147483647;
			files = (
				98302E792171ECF20008A6AF /* LaunchScreen.storyboard in Resources */,
				98302E762171ECF20008A6AF /* Assets.xcassets in Resources */,
				98302E742171ECEF0008A6AF /* Main.storyboard in Resources */,
			);
			runOnlyForDeploymentPostprocessing = 0;
		};
/* End PBXResourcesBuildPhase section */

/* Begin PBXSourcesBuildPhase section */
		98302E672171ECEF0008A6AF /* Sources */ = {
			isa = PBXSourcesBuildPhase;
			buildActionMask = 2147483647;
			files = (
				98302E872171F8040008A6AF /* RoundedImageView.swift in Sources */,
				98302E8D2172B5180008A6AF /* MelanomaModelUpdated.mlmodel in Sources */,
				98302E712171ECEF0008A6AF /* CameraVC.swift in Sources */,
				98302E6F2171ECEF0008A6AF /* AppDelegate.swift in Sources */,
				98302E9521734C2C0008A6AF /* RoundedButtonView.swift in Sources */,
				98302E93217349B40008A6AF /* InfoVC.swift in Sources */,
				98302E852171F5CF0008A6AF /* RoundedView.swift in Sources */,
			);
			runOnlyForDeploymentPostprocessing = 0;
		};
/* End PBXSourcesBuildPhase section */

/* Begin PBXVariantGroup section */
		98302E722171ECEF0008A6AF /* Main.storyboard */ = {
			isa = PBXVariantGroup;
			children = (
				98302E732171ECEF0008A6AF /* Base */,
			);
			name = Main.storyboard;
			sourceTree = "<group>";
		};
		98302E772171ECF20008A6AF /* LaunchScreen.storyboard */ = {
			isa = PBXVariantGroup;
			children = (
				98302E782171ECF20008A6AF /* Base */,
			);
			name = LaunchScreen.storyboard;
			sourceTree = "<group>";
		};
/* End PBXVariantGroup section */

/* Begin XCBuildConfiguration section */
		98302E7B2171ECF20008A6AF /* Debug */ = {
			isa = XCBuildConfiguration;
			buildSettings = {
				ALWAYS_SEARCH_USER_PATHS = NO;
				CLANG_ANALYZER_NONNULL = YES;
				CLANG_ANALYZER_NUMBER_OBJECT_CONVERSION = YES_AGGRESSIVE;
				CLANG_CXX_LANGUAGE_STANDARD = "gnu++14";
				CLANG_CXX_LIBRARY = "libc++";
				CLANG_ENABLE_MODULES = YES;
				CLANG_ENABLE_OBJC_ARC = YES;
				CLANG_ENABLE_OBJC_WEAK = YES;
				CLANG_WARN_BLOCK_CAPTURE_AUTORELEASING = YES;
				CLANG_WARN_BOOL_CONVERSION = YES;
				CLANG_WARN_COMMA = YES;
				CLANG_WARN_CONSTANT_CONVERSION = YES;
				CLANG_WARN_DEPRECATED_OBJC_IMPLEMENTATIONS = YES;
				CLANG_WARN_DIRECT_OBJC_ISA_USAGE = YES_ERROR;
				CLANG_WARN_DOCUMENTATION_COMMENTS = YES;
				CLANG_WARN_EMPTY_BODY = YES;
				CLANG_WARN_ENUM_CONVERSION = YES;
				CLANG_WARN_INFINITE_RECURSION = YES;
				CLANG_WARN_INT_CONVERSION = YES;
				CLANG_WARN_NON_LITERAL_NULL_CONVERSION = YES;
				CLANG_WARN_OBJC_IMPLICIT_RETAIN_SELF = YES;
				CLANG_WARN_OBJC_LITERAL_CONVERSION = YES;
				CLANG_WARN_OBJC_ROOT_CLASS = YES_ERROR;
				CLANG_WARN_RANGE_LOOP_ANALYSIS = YES;
				CLANG_WARN_STRICT_PROTOTYPES = YES;
				CLANG_WARN_SUSPICIOUS_MOVE = YES;
				CLANG_WARN_UNGUARDED_AVAILABILITY = YES_AGGRESSIVE;
				CLANG_WARN_UNREACHABLE_CODE = YES;
				CLANG_WARN__DUPLICATE_METHOD_MATCH = YES;
				CODE_SIGN_IDENTITY = "iPhone Developer";
				COPY_PHASE_STRIP = NO;
				DEBUG_INFORMATION_FORMAT = dwarf;
				ENABLE_STRICT_OBJC_MSGSEND = YES;
				ENABLE_TESTABILITY = YES;
				GCC_C_LANGUAGE_STANDARD = gnu11;
				GCC_DYNAMIC_NO_PIC = NO;
				GCC_NO_COMMON_BLOCKS = YES;
				GCC_OPTIMIZATION_LEVEL = 0;
				GCC_PREPROCESSOR_DEFINITIONS = (
					"DEBUG=1",
					"$(inherited)",
				);
				GCC_WARN_64_TO_32_BIT_CONVERSION = YES;
				GCC_WARN_ABOUT_RETURN_TYPE = YES_ERROR;
				GCC_WARN_UNDECLARED_SELECTOR = YES;
				GCC_WARN_UNINITIALIZED_AUTOS = YES_AGGRESSIVE;
				GCC_WARN_UNUSED_FUNCTION = YES;
				GCC_WARN_UNUSED_VARIABLE = YES;
				IPHONEOS_DEPLOYMENT_TARGET = 12.0;
				MTL_ENABLE_DEBUG_INFO = INCLUDE_SOURCE;
				MTL_FAST_MATH = YES;
				ONLY_ACTIVE_ARCH = YES;
				SDKROOT = iphoneos;
				SWIFT_ACTIVE_COMPILATION_CONDITIONS = DEBUG;
				SWIFT_OPTIMIZATION_LEVEL = "-Onone";
			};
			name = Debug;
		};
		98302E7C2171ECF20008A6AF /* Release */ = {
			isa = XCBuildConfiguration;
			buildSettings = {
				ALWAYS_SEARCH_USER_PATHS = NO;
				CLANG_ANALYZER_NONNULL = YES;
				CLANG_ANALYZER_NUMBER_OBJECT_CONVERSION = YES_AGGRESSIVE;
				CLANG_CXX_LANGUAGE_STANDARD = "gnu++14";
				CLANG_CXX_LIBRARY = "libc++";
				CLANG_ENABLE_MODULES = YES;
				CLANG_ENABLE_OBJC_ARC = YES;
				CLANG_ENABLE_OBJC_WEAK = YES;
				CLANG_WARN_BLOCK_CAPTURE_AUTORELEASING = YES;
				CLANG_WARN_BOOL_CONVERSION = YES;
				CLANG_WARN_COMMA = YES;
				CLANG_WARN_CONSTANT_CONVERSION = YES;
				CLANG_WARN_DEPRECATED_OBJC_IMPLEMENTATIONS = YES;
				CLANG_WARN_DIRECT_OBJC_ISA_USAGE = YES_ERROR;
				CLANG_WARN_DOCUMENTATION_COMMENTS = YES;
				CLANG_WARN_EMPTY_BODY = YES;
				CLANG_WARN_ENUM_CONVERSION = YES;
				CLANG_WARN_INFINITE_RECURSION = YES;
				CLANG_WARN_INT_CONVERSION = YES;
				CLANG_WARN_NON_LITERAL_NULL_CONVERSION = YES;
				CLANG_WARN_OBJC_IMPLICIT_RETAIN_SELF = YES;
				CLANG_WARN_OBJC_LITERAL_CONVERSION = YES;
				CLANG_WARN_OBJC_ROOT_CLASS = YES_ERROR;
				CLANG_WARN_RANGE_LOOP_ANALYSIS = YES;
				CLANG_WARN_STRICT_PROTOTYPES = YES;
				CLANG_WARN_SUSPICIOUS_MOVE = YES;
				CLANG_WARN_UNGUARDED_AVAILABILITY = YES_AGGRESSIVE;
				CLANG_WARN_UNREACHABLE_CODE = YES;
				CLANG_WARN__DUPLICATE_METHOD_MATCH = YES;
				CODE_SIGN_IDENTITY = "iPhone Developer";
				COPY_PHASE_STRIP = NO;
				DEBUG_INFORMATION_FORMAT = "dwarf-with-dsym";
				ENABLE_NS_ASSERTIONS = NO;
				ENABLE_STRICT_OBJC_MSGSEND = YES;
				GCC_C_LANGUAGE_STANDARD = gnu11;
				GCC_NO_COMMON_BLOCKS = YES;
				GCC_WARN_64_TO_32_BIT_CONVERSION = YES;
				GCC_WARN_ABOUT_RETURN_TYPE = YES_ERROR;
				GCC_WARN_UNDECLARED_SELECTOR = YES;
				GCC_WARN_UNINITIALIZED_AUTOS = YES_AGGRESSIVE;
				GCC_WARN_UNUSED_FUNCTION = YES;
				GCC_WARN_UNUSED_VARIABLE = YES;
				IPHONEOS_DEPLOYMENT_TARGET = 12.0;
				MTL_ENABLE_DEBUG_INFO = NO;
				MTL_FAST_MATH = YES;
				SDKROOT = iphoneos;
				SWIFT_COMPILATION_MODE = wholemodule;
				SWIFT_OPTIMIZATION_LEVEL = "-O";
				VALIDATE_PRODUCT = YES;
			};
			name = Release;
		};
		98302E7E2171ECF20008A6AF /* Debug */ = {
			isa = XCBuildConfiguration;
			buildSettings = {
				ASSETCATALOG_COMPILER_APPICON_NAME = AppIcon;
				CODE_SIGN_STYLE = Automatic;
				DEVELOPMENT_TEAM = 29BFEDRFS6;
				INFOPLIST_FILE = VisionApp/Info.plist;
				LD_RUNPATH_SEARCH_PATHS = (
					"$(inherited)",
					"@executable_path/Frameworks",
				);
				PRODUCT_BUNDLE_IDENTIFIER = com.sebastiancrossa.VisionApp;
				PRODUCT_NAME = "$(TARGET_NAME)";
				SWIFT_VERSION = 4.2;
				TARGETED_DEVICE_FAMILY = "1,2";
			};
			name = Debug;
		};
		98302E7F2171ECF20008A6AF /* Release */ = {
			isa = XCBuildConfiguration;
			buildSettings = {
				ASSETCATALOG_COMPILER_APPICON_NAME = AppIcon;
				CODE_SIGN_STYLE = Automatic;
				DEVELOPMENT_TEAM = 29BFEDRFS6;
				INFOPLIST_FILE = VisionApp/Info.plist;
				LD_RUNPATH_SEARCH_PATHS = (
					"$(inherited)",
					"@executable_path/Frameworks",
				);
				PRODUCT_BUNDLE_IDENTIFIER = com.sebastiancrossa.VisionApp;
				PRODUCT_NAME = "$(TARGET_NAME)";
				SWIFT_VERSION = 4.2;
				TARGETED_DEVICE_FAMILY = "1,2";
			};
			name = Release;
		};
/* End XCBuildConfiguration section */

/* Begin XCConfigurationList section */
		98302E662171ECEF0008A6AF /* Build configuration list for PBXProject "VisionApp" */ = {
			isa = XCConfigurationList;
			buildConfigurations = (
				98302E7B2171ECF20008A6AF /* Debug */,
				98302E7C2171ECF20008A6AF /* Release */,
			);
			defaultConfigurationIsVisible = 0;
			defaultConfigurationName = Release;
		};
		98302E7D2171ECF20008A6AF /* Build configuration list for PBXNativeTarget "VisionApp" */ = {
			isa = XCConfigurationList;
			buildConfigurations = (
				98302E7E2171ECF20008A6AF /* Debug */,
				98302E7F2171ECF20008A6AF /* Release */,
			);
			defaultConfigurationIsVisible = 0;
			defaultConfigurationName = Release;
		};
/* End XCConfigurationList section */
	};
	rootObject = 98302E632171ECEF0008A6AF /* Project object */;
}
